
Microsoft Visual Studio Solution File, Format Version 12.00
# Visual Studio Version 16
VisualStudioVersion = 16.0.30804.86
MinimumVisualStudioVersion = 10.0.40219.1
Project("{535C04D7-A2A5-47C7-83E0-B340A995CD1F}") = "A3-SalesComm", "A3-SalesComm.cblproj", "{554A5336-E630-43D2-B537-B8D843F72BB1}"
EndProject
Global
	GlobalSection(SolutionConfigurationPlatforms) = preSolution
		Debug|x86 = Debug|x86
		Release|x86 = Release|x86
	EndGlobalSection
	GlobalSection(ProjectConfigurationPlatforms) = postSolution
		{554A5336-E630-43D2-B537-B8D843F72BB1}.Debug|x86.ActiveCfg = Debug|x86
		{554A5336-E630-43D2-B537-B8D843F72BB1}.Debug|x86.Build.0 = Debug|x86
		{554A5336-E630-43D2-B537-B8D843F72BB1}.Release|x86.ActiveCfg = Release|x86
		{554A5336-E630-43D2-B537-B8D843F72BB1}.Release|x86.Build.0 = Release|x86
	EndGlobalSection
	GlobalSection(SolutionProperties) = preSolution
		HideSolutionNode = FALSE
	EndGlobalSection
	GlobalSection(ExtensibilityGlobals) = postSolution
		SolutionGuid = {7B2F96DF-9490-4583-A589-F77ED41BCAED}
	EndGlobalSection
EndGlobal
